{
    "_readme": [
        "This file locks the dependencies of your project to a known state",
        "Read more about it at https://getcomposer.org/doc/01-basic-usage.md#composer-lock-the-lock-file",
        "This file is @generated automatically"
    ],
    "content-hash": "c4ec58768fa8bceff36107c72a2f6695",
    "packages": [
        {
            "name": "codeception/verify",
            "version": "0.4.0",
            "source": {
                "type": "git",
                "url": "https://github.com/Codeception/Verify.git",
                "reference": "8a17273017e23a866df3fa2ad2b4182b7ce354f0"
            },
            "dist": {
                "type": "zip",
                "url": "https://files.phpcomposer.com/files/Codeception/Verify/8a17273017e23a866df3fa2ad2b4182b7ce354f0.zip",
                "reference": "8a17273017e23a866df3fa2ad2b4182b7ce354f0",
                "shasum": ""
            },
            "require-dev": {
                "phpunit/phpunit": "~4.0"
            },
            "type": "library",
            "autoload": {
                "files": [
                    "src/Codeception/function.php"
                ]
            },
            "notification-url": "https://packagist.org/downloads/",
            "license": [
                "MIT"
            ],
            "authors": [
                {
                    "name": "Michael Bodnarchuk",
                    "email": "davert.php@mailican.com"
                }
            ],
            "description": "BDD assertion library for PHPUnit",
            "time": "2017-07-12T16:50:18+00:00"
        }
    ],
    "packages-dev": [],
    "aliases": [],
    "minimum-stability": "stable",
    "stability-flags": [],
    "prefer-stable": false,
    "prefer-lowest": false,
    "platform": [],
    "platform-dev": []
}
